{
  "originHash" : "26420621f240a9ba7eaaad4d4b3cbd199393e581b6999911e73cbb35aba2f392",
  "pins" : [
    {
      "identity" : "adaptysdk-ios",
      "kind" : "remoteSourceControl",
      "location" : "https://github.com/adaptyteam/AdaptySDK-iOS.git",
      "state" : {
        "revision" : "52ed73f0e80dcfb92f97eb120d37f5f3230fbdcd",
        "version" : "3.15.4"
      }
    }
  ],
  "version" : 3
}
